
Microsoft Visual Studio Solution File, Format Version 12.00
# Visual Studio 15
VisualStudioVersion = 15.0.28010.2041
MinimumVisualStudioVersion = 10.0.40219.1
Project("{FAE04EC0-301F-11D3-BF4B-00C04F79EFBC}") = "Random Card", "Random Card\Random Card.csproj", "{77D660BE-431E-4FEF-A6A9-304C15B2981F}"
EndProject
Global
	GlobalSection(SolutionConfigurationPlatforms) = preSolution
		Debug|Any CPU = Debug|Any CPU
		Release|Any CPU = Release|Any CPU
	EndGlobalSection
	GlobalSection(ProjectConfigurationPlatforms) = postSolution
		{77D660BE-431E-4FEF-A6A9-304C15B2981F}.Debug|Any CPU.ActiveCfg = Debug|Any CPU
		{77D660BE-431E-4FEF-A6A9-304C15B2981F}.Debug|Any CPU.Build.0 = Debug|Any CPU
		{77D660BE-431E-4FEF-A6A9-304C15B2981F}.Release|Any CPU.ActiveCfg = Release|Any CPU
		{77D660BE-431E-4FEF-A6A9-304C15B2981F}.Release|Any CPU.Build.0 = Release|Any CPU
	EndGlobalSection
	GlobalSection(SolutionProperties) = preSolution
		HideSolutionNode = FALSE
	EndGlobalSection
	GlobalSection(ExtensibilityGlobals) = postSolution
		SolutionGuid = {FCD60428-894F-4785-BDD5-7599447B36F2}
	EndGlobalSection
EndGlobal
